{
  "name": "galgame-tooling",
  "lockfileVersion": 3,
  "requires": true,
  "packages": {
    "": {
      "name": "galgame-tooling",
      "workspaces": [
        "packages/*",
        "apps/*",
        "examples/*"
      ]
    },
    "node_modules/@galgame/core": {
      "resolved": "packages/core",
      "link": true
    },
    "node_modules/@galgame/export-web": {
      "resolved": "packages/export-web",
      "link": true
    },
    "node_modules/@galgame/runtime-web": {
      "resolved": "packages/runtime-web",
      "link": true
    },
    "packages/core": {
      "name": "@galgame/core"
    },
    "packages/export-web": {
      "name": "@galgame/export-web"
    },
    "packages/runtime-web": {
      "name": "@galgame/runtime-web"
    }
  }
}
